
Microsoft Visual Studio Solution File, Format Version 11.00
# Visual Studio 2010
# SharpDevelop 5.1
Project("{FAE04EC0-301F-11D3-BF4B-00C04F79EFBC}") = "xiaoshoudan", "xiaoshoudan\xiaoshoudan.csproj", "{D2A55103-2015-48CA-9BBF-403E1096199D}"
EndProject
Global
	GlobalSection(SolutionConfigurationPlatforms) = preSolution
		Debug|Any CPU = Debug|Any CPU
		Release|Any CPU = Release|Any CPU
	EndGlobalSection
	GlobalSection(ProjectConfigurationPlatforms) = postSolution
		{D2A55103-2015-48CA-9BBF-403E1096199D}.Debug|Any CPU.ActiveCfg = Debug|Any CPU
		{D2A55103-2015-48CA-9BBF-403E1096199D}.Debug|Any CPU.Build.0 = Debug|Any CPU
		{D2A55103-2015-48CA-9BBF-403E1096199D}.Release|Any CPU.ActiveCfg = Release|Any CPU
		{D2A55103-2015-48CA-9BBF-403E1096199D}.Release|Any CPU.Build.0 = Release|Any CPU
	EndGlobalSection
EndGlobal
